// !$*UTF8*$!
{
	archiveVersion = 1;
	classes = {
	};
	objectVersion = 46;
	objects = {

/* Begin PBXBuildFile section */
		FF7AFAD41A87DBB000F6067A /* main.m in Sources */ = {isa = PBXBuildFile; fileRef = FF7AFAD31A87DBB000F6067A /* main.m */; };
		FF7AFAD71A87DBB000F6067A /* AppDelegate.m in Sources */ = {isa = PBXBuildFile; fileRef = FF7AFAD61A87DBB000F6067A /* AppDelegate.m */; };
		FF7AFADA1A87DBB000F6067A /* ViewController.m in Sources */ = {isa = PBXBuildFile; fileRef = FF7AFAD91A87DBB000F6067A /* ViewController.m */; };
		FF7AFADD1A87DBB000F6067A /* Main.storyboard in Resources */ = {isa = PBXBuildFile; fileRef = FF7AFADB1A87DBB000F6067A /* Main.storyboard */; };
		FF7AFADF1A87DBB000F6067A /* Images.xcassets in Resources */ = {isa = PBXBuildFile; fileRef = FF7AFADE1A87DBB000F6067A /* Images.xcassets */; };
		FF7AFAE21A87DBB000F6067A /* LaunchScreen.xib in Resources */ = {isa = PBXBuildFile; fileRef = FF7AFAE01A87DBB000F6067A /* LaunchScreen.xib */; };
		FF7AFAEE1A87DBB000F6067A /* mapsgoogle_iosTests.m in Sources */ = {isa = PBXBuildFile; fileRef = FF7AFAED1A87DBB000F6067A /* mapsgoogle_iosTests.m */; };
/* End PBXBuildFile section */

/* Begin PBXContainerItemProxy section */
		FF7AFAE81A87DBB000F6067A /* PBXContainerItemProxy */ = {
			isa = PBXContainerItemProxy;
			containerPortal = FF7AFAC61A87DBB000F6067A /* Project object */;
			proxyType = 1;
			remoteGlobalIDString = FF7AFACD1A87DBB000F6067A;
			remoteInfo = "mapsgoogle-ios";
		};
/* End PBXContainerItemProxy section */

/* Begin PBXFileReference section */
		FF7AFACE1A87DBB000F6067A /* mapsgoogle-ios.app */ = {isa = PBXFileReference; explicitFileType = wrapper.application; includeInIndex = 0; path = "mapsgoogle-ios.app"; sourceTree = BUILT_PRODUCTS_DIR; };
		FF7AFAD21A87DBB000F6067A /* Info.plist */ = {isa = PBXFileReference; lastKnownFileType = text.plist.xml; path = Info.plist; sourceTree = "<group>"; };
		FF7AFAD31A87DBB000F6067A /* main.m */ = {isa = PBXFileReference; lastKnownFileType = sourcecode.c.objc; path = main.m; sourceTree = "<group>"; };
		FF7AFAD51A87DBB000F6067A /* AppDelegate.h */ = {isa = PBXFileReference; lastKnownFileType = sourcecode.c.h; path = AppDelegate.h; sourceTree = "<group>"; };
		FF7AFAD61A87DBB000F6067A /* AppDelegate.m */ = {isa = PBXFileReference; lastKnownFileType = sourcecode.c.objc; path = AppDelegate.m; sourceTree = "<group>"; };
		FF7AFAD81A87DBB000F6067A /* ViewController.h */ = {isa = PBXFileReference; lastKnownFileType = sourcecode.c.h; path = ViewController.h; sourceTree = "<group>"; };
		FF7AFAD91A87DBB000F6067A /* ViewController.m */ = {isa = PBXFileReference; lastKnownFileType = sourcecode.c.objc; path = ViewController.m; sourceTree = "<group>"; };
		FF7AFADC1A87DBB000F6067A /* Base */ = {isa = PBXFileReference; lastKnownFileType = file.storyboard; name = Base; path = Base.lproj/Main.storyboard; sourceTree = "<group>"; };
		FF7AFADE1A87DBB000F6067A /* Images.xcassets */ = {isa = PBXFileReference; lastKnownFileType = folder.assetcatalog; path = Images.xcassets; sourceTree = "<group>"; };
		FF7AFAE11A87DBB000F6067A /* Base */ = {isa = PBXFileReference; lastKnownFileType = file.xib; name = Base; path = Base.lproj/LaunchScreen.xib; sourceTree = "<group>"; };
		FF7AFAE71A87DBB000F6067A /* mapsgoogle-iosTests.xctest */ = {isa = PBXFileReference; explicitFileType = wrapper.cfbundle; includeInIndex = 0; path = "mapsgoogle-iosTests.xctest"; sourceTree = BUILT_PRODUCTS_DIR; };
		FF7AFAEC1A87DBB000F6067A /* Info.plist */ = {isa = PBXFileReference; lastKnownFileType = text.plist.xml; path = Info.plist; sourceTree = "<group>"; };
		FF7AFAED1A87DBB000F6067A /* mapsgoogle_iosTests.m */ = {isa = PBXFileReference; lastKnownFileType = sourcecode.c.objc; path = mapsgoogle_iosTests.m; sourceTree = "<group>"; };
/* End PBXFileReference section */

/* Begin PBXFrameworksBuildPhase section */
		FF7AFACB1A87DBB000F6067A /* Frameworks */ = {
			isa = PBXFrameworksBuildPhase;
			buildActionMask = 2147483647;
			files = (
			);
			runOnlyForDeploymentPostprocessing = 0;
		};
		FF7AFAE41A87DBB000F6067A /* Frameworks */ = {
			isa = PBXFrameworksBuildPhase;
			buildActionMask = 2147483647;
			files = (
			);
			runOnlyForDeploymentPostprocessing = 0;
		};
/* End PBXFrameworksBuildPhase section */

/* Begin PBXGroup section */
		FF7AFAC51A87DBB000F6067A = {
			isa = PBXGroup;
			children = (
				FF7AFAD01A87DBB000F6067A /* mapsgoogle-ios */,
				FF7AFAEA1A87DBB000F6067A /* mapsgoogle-iosTests */,
				FF7AFACF1A87DBB000F6067A /* Products */,
			);
			sourceTree = "<group>";
		};
		FF7AFACF1A87DBB000F6067A /* Products */ = {
			isa = PBXGroup;
			children = (
				FF7AFACE1A87DBB000F6067A /* mapsgoogle-ios.app */,
				FF7AFAE71A87DBB000F6067A /* mapsgoogle-iosTests.xctest */,
			);
			name = Products;
			sourceTree = "<group>";
		};
		FF7AFAD01A87DBB000F6067A /* mapsgoogle-ios */ = {
			isa = PBXGroup;
			children = (
				FF7AFAD51A87DBB000F6067A /* AppDelegate.h */,
				FF7AFAD61A87DBB000F6067A /* AppDelegate.m */,
				FF7AFAD81A87DBB000F6067A /* ViewController.h */,
				FF7AFAD91A87DBB000F6067A /* ViewController.m */,
				FF7AFADB1A87DBB000F6067A /* Main.storyboard */,
				FF7AFADE1A87DBB000F6067A /* Images.xcassets */,
				FF7AFAE01A87DBB000F6067A /* LaunchScreen.xib */,
				FF7AFAD11A87DBB000F6067A /* Supporting Files */,
			);
			path = "mapsgoogle-ios";
			sourceTree = "<group>";
		};
		FF7AFAD11A87DBB000F6067A /* Supporting Files */ = {
			isa = PBXGroup;
			children = (
				FF7AFAD21A87DBB000F6067A /* Info.plist */,
				FF7AFAD31A87DBB000F6067A /* main.m */,
			);
			name = "Supporting Files";
			sourceTree = "<group>";
		};
		FF7AFAEA1A87DBB000F6067A /* mapsgoogle-iosTests */ = {
			isa = PBXGroup;
			children = (
				FF7AFAED1A87DBB000F6067A /* mapsgoogle_iosTests.m */,
				FF7AFAEB1A87DBB000F6067A /* Supporting Files */,
			);
			path = "mapsgoogle-iosTests";
			sourceTree = "<group>";
		};
		FF7AFAEB1A87DBB000F6067A /* Supporting Files */ = {
			isa = PBXGroup;
			children = (
				FF7AFAEC1A87DBB000F6067A /* Info.plist */,
			);
			name = "Supporting Files";
			sourceTree = "<group>";
		};
/* End PBXGroup section */

/* Begin PBXNativeTarget section */
		FF7AFACD1A87DBB000F6067A /* mapsgoogle-ios */ = {
			isa = PBXNativeTarget;
			buildConfigurationList = FF7AFAF11A87DBB000F6067A /* Build configuration list for PBXNativeTarget "mapsgoogle-ios" */;
			buildPhases = (
				FF7AFACA1A87DBB000F6067A /* Sources */,
				FF7AFACB1A87DBB000F6067A /* Frameworks */,
				FF7AFACC1A87DBB000F6067A /* Resources */,
			);
			buildRules = (
			);
			dependencies = (
			);
			name = "mapsgoogle-ios";
			productName = "mapsgoogle-ios";
			productReference = FF7AFACE1A87DBB000F6067A /* mapsgoogle-ios.app */;
			productType = "com.apple.product-type.application";
		};
		FF7AFAE61A87DBB000F6067A /* mapsgoogle-iosTests */ = {
			isa = PBXNativeTarget;
			buildConfigurationList = FF7AFAF41A87DBB000F6067A /* Build configuration list for PBXNativeTarget "mapsgoogle-iosTests" */;
			buildPhases = (
				FF7AFAE31A87DBB000F6067A /* Sources */,
				FF7AFAE41A87DBB000F6067A /* Frameworks */,
				FF7AFAE51A87DBB000F6067A /* Resources */,
			);
			buildRules = (
			);
			dependencies = (
				FF7AFAE91A87DBB000F6067A /* PBXTargetDependency */,
			);
			name = "mapsgoogle-iosTests";
			productName = "mapsgoogle-iosTests";
			productReference = FF7AFAE71A87DBB000F6067A /* mapsgoogle-iosTests.xctest */;
			productType = "com.apple.product-type.bundle.unit-test";
		};
/* End PBXNativeTarget section */

/* Begin PBXProject section */
		FF7AFAC61A87DBB000F6067A /* Project object */ = {
			isa = PBXProject;
			attributes = {
				LastUpgradeCheck = 0610;
				ORGANIZATIONNAME = felipe;
				TargetAttributes = {
					FF7AFACD1A87DBB000F6067A = {
						CreatedOnToolsVersion = 6.1.1;
					};
					FF7AFAE61A87DBB000F6067A = {
						CreatedOnToolsVersion = 6.1.1;
						TestTargetID = FF7AFACD1A87DBB000F6067A;
					};
				};
			};
			buildConfigurationList = FF7AFAC91A87DBB000F6067A /* Build configuration list for PBXProject "mapsgoogle-ios" */;
			compatibilityVersion = "Xcode 3.2";
			developmentRegion = English;
			hasScannedForEncodings = 0;
			knownRegions = (
				en,
				Base,
			);
			mainGroup = FF7AFAC51A87DBB000F6067A;
			productRefGroup = FF7AFACF1A87DBB000F6067A /* Products */;
			projectDirPath = "";
			projectRoot = "";
			targets = (
				FF7AFACD1A87DBB000F6067A /* mapsgoogle-ios */,
				FF7AFAE61A87DBB000F6067A /* mapsgoogle-iosTests */,
			);
		};
/* End PBXProject section */

/* Begin PBXResourcesBuildPhase section */
		FF7AFACC1A87DBB000F6067A /* Resources */ = {
			isa = PBXResourcesBuildPhase;
			buildActionMask = 2147483647;
			files = (
				FF7AFADD1A87DBB000F6067A /* Main.storyboard in Resources */,
				FF7AFAE21A87DBB000F6067A /* LaunchScreen.xib in Resources */,
				FF7AFADF1A87DBB000F6067A /* Images.xcassets in Resources */,
			);
			runOnlyForDeploymentPostprocessing = 0;
		};
		FF7AFAE51A87DBB000F6067A /* Resources */ = {
			isa = PBXResourcesBuildPhase;
			buildActionMask = 2147483647;
			files = (
			);
			runOnlyForDeploymentPostprocessing = 0;
		};
/* End PBXResourcesBuildPhase section */

/* Begin PBXSourcesBuildPhase section */
		FF7AFACA1A87DBB000F6067A /* Sources */ = {
			isa = PBXSourcesBuildPhase;
			buildActionMask = 2147483647;
			files = (
				FF7AFADA1A87DBB000F6067A /* ViewController.m in Sources */,
				FF7AFAD71A87DBB000F6067A /* AppDelegate.m in Sources */,
				FF7AFAD41A87DBB000F6067A /* main.m in Sources */,
			);
			runOnlyForDeploymentPostprocessing = 0;
		};
		FF7AFAE31A87DBB000F6067A /* Sources */ = {
			isa = PBXSourcesBuildPhase;
			buildActionMask = 2147483647;
			files = (
				FF7AFAEE1A87DBB000F6067A /* mapsgoogle_iosTests.m in Sources */,
			);
			runOnlyForDeploymentPostprocessing = 0;
		};
/* End PBXSourcesBuildPhase section */

/* Begin PBXTargetDependency section */
		FF7AFAE91A87DBB000F6067A /* PBXTargetDependency */ = {
			isa = PBXTargetDependency;
			target = FF7AFACD1A87DBB000F6067A /* mapsgoogle-ios */;
			targetProxy = FF7AFAE81A87DBB000F6067A /* PBXContainerItemProxy */;
		};
/* End PBXTargetDependency section */

/* Begin PBXVariantGroup section */
		FF7AFADB1A87DBB000F6067A /* Main.storyboard */ = {
			isa = PBXVariantGroup;
			children = (
				FF7AFADC1A87DBB000F6067A /* Base */,
			);
			name = Main.storyboard;
			sourceTree = "<group>";
		};
		FF7AFAE01A87DBB000F6067A /* LaunchScreen.xib */ = {
			isa = PBXVariantGroup;
			children = (
				FF7AFAE11A87DBB000F6067A /* Base */,
			);
			name = LaunchScreen.xib;
			sourceTree = "<group>";
		};
/* End PBXVariantGroup section */

/* Begin XCBuildConfiguration section */
		FF7AFAEF1A87DBB000F6067A /* Debug */ = {
			isa = XCBuildConfiguration;
			buildSettings = {
				ALWAYS_SEARCH_USER_PATHS = NO;
				CLANG_CXX_LANGUAGE_STANDARD = "gnu++0x";
				CLANG_CXX_LIBRARY = "libc++";
				CLANG_ENABLE_MODULES = YES;
				CLANG_ENABLE_OBJC_ARC = YES;
				CLANG_WARN_BOOL_CONVERSION = YES;
				CLANG_WARN_CONSTANT_CONVERSION = YES;
				CLANG_WARN_DIRECT_OBJC_ISA_USAGE = YES_ERROR;
				CLANG_WARN_EMPTY_BODY = YES;
				CLANG_WARN_ENUM_CONVERSION = YES;
				CLANG_WARN_INT_CONVERSION = YES;
				CLANG_WARN_OBJC_ROOT_CLASS = YES_ERROR;
				CLANG_WARN_UNREACHABLE_CODE = YES;
				CLANG_WARN__DUPLICATE_METHOD_MATCH = YES;
				"CODE_SIGN_IDENTITY[sdk=iphoneos*]" = "iPhone Developer";
				COPY_PHASE_STRIP = NO;
				ENABLE_STRICT_OBJC_MSGSEND = YES;
				GCC_C_LANGUAGE_STANDARD = gnu99;
				GCC_DYNAMIC_NO_PIC = NO;
				GCC_OPTIMIZATION_LEVEL = 0;
				GCC_PREPROCESSOR_DEFINITIONS = (
					"DEBUG=1",
					"$(inherited)",
				);
				GCC_SYMBOLS_PRIVATE_EXTERN = NO;
				GCC_WARN_64_TO_32_BIT_CONVERSION = YES;
				GCC_WARN_ABOUT_RETURN_TYPE = YES_ERROR;
				GCC_WARN_UNDECLARED_SELECTOR = YES;
				GCC_WARN_UNINITIALIZED_AUTOS = YES_AGGRESSIVE;
				GCC_WARN_UNUSED_FUNCTION = YES;
				GCC_WARN_UNUSED_VARIABLE = YES;
				IPHONEOS_DEPLOYMENT_TARGET = 8.1;
				MTL_ENABLE_DEBUG_INFO = YES;
				ONLY_ACTIVE_ARCH = YES;
				SDKROOT = iphoneos;
			};
			name = Debug;
		};
		FF7AFAF01A87DBB000F6067A /* Release */ = {
			isa = XCBuildConfiguration;
			buildSettings = {
				ALWAYS_SEARCH_USER_PATHS = NO;
				CLANG_CXX_LANGUAGE_STANDARD = "gnu++0x";
				CLANG_CXX_LIBRARY = "libc++";
				CLANG_ENABLE_MODULES = YES;
				CLANG_ENABLE_OBJC_ARC = YES;
				CLANG_WARN_BOOL_CONVERSION = YES;
				CLANG_WARN_CONSTANT_CONVERSION = YES;
				CLANG_WARN_DIRECT_OBJC_ISA_USAGE = YES_ERROR;
				CLANG_WARN_EMPTY_BODY = YES;
				CLANG_WARN_ENUM_CONVERSION = YES;
				CLANG_WARN_INT_CONVERSION = YES;
				CLANG_WARN_OBJC_ROOT_CLASS = YES_ERROR;
				CLANG_WARN_UNREACHABLE_CODE = YES;
				CLANG_WARN__DUPLICATE_METHOD_MATCH = YES;
				"CODE_SIGN_IDENTITY[sdk=iphoneos*]" = "iPhone Developer";
				COPY_PHASE_STRIP = YES;
				ENABLE_NS_ASSERTIONS = NO;
				ENABLE_STRICT_OBJC_MSGSEND = YES;
				GCC_C_LANGUAGE_STANDARD = gnu99;
				GCC_WARN_64_TO_32_BIT_CONVERSION = YES;
				GCC_WARN_ABOUT_RETURN_TYPE = YES_ERROR;
				GCC_WARN_UNDECLARED_SELECTOR = YES;
				GCC_WARN_UNINITIALIZED_AUTOS = YES_AGGRESSIVE;
				GCC_WARN_UNUSED_FUNCTION = YES;
				GCC_WARN_UNUSED_VARIABLE = YES;
				IPHONEOS_DEPLOYMENT_TARGET = 8.1;
				MTL_ENABLE_DEBUG_INFO = NO;
				SDKROOT = iphoneos;
				VALIDATE_PRODUCT = YES;
			};
			name = Release;
		};
		FF7AFAF21A87DBB000F6067A /* Debug */ = {
			isa = XCBuildConfiguration;
			buildSettings = {
				ASSETCATALOG_COMPILER_APPICON_NAME = AppIcon;
				INFOPLIST_FILE = "mapsgoogle-ios/Info.plist";
				LD_RUNPATH_SEARCH_PATHS = "$(inherited) @executable_path/Frameworks";
				PRODUCT_NAME = "$(TARGET_NAME)";
			};
			name = Debug;
		};
		FF7AFAF31A87DBB000F6067A /* Release */ = {
			isa = XCBuildConfiguration;
			buildSettings = {
				ASSETCATALOG_COMPILER_APPICON_NAME = AppIcon;
				INFOPLIST_FILE = "mapsgoogle-ios/Info.plist";
				LD_RUNPATH_SEARCH_PATHS = "$(inherited) @executable_path/Frameworks";
				PRODUCT_NAME = "$(TARGET_NAME)";
			};
			name = Release;
		};
		FF7AFAF51A87DBB000F6067A /* Debug */ = {
			isa = XCBuildConfiguration;
			buildSettings = {
				BUNDLE_LOADER = "$(TEST_HOST)";
				FRAMEWORK_SEARCH_PATHS = (
					"$(SDKROOT)/Developer/Library/Frameworks",
					"$(inherited)",
				);
				GCC_PREPROCESSOR_DEFINITIONS = (
					"DEBUG=1",
					"$(inherited)",
				);
				INFOPLIST_FILE = "mapsgoogle-iosTests/Info.plist";
				LD_RUNPATH_SEARCH_PATHS = "$(inherited) @executable_path/Frameworks @loader_path/Frameworks";
				PRODUCT_NAME = "$(TARGET_NAME)";
				TEST_HOST = "$(BUILT_PRODUCTS_DIR)/mapsgoogle-ios.app/mapsgoogle-ios";
			};
			name = Debug;
		};
		FF7AFAF61A87DBB000F6067A /* Release */ = {
			isa = XCBuildConfiguration;
			buildSettings = {
				BUNDLE_LOADER = "$(TEST_HOST)";
				FRAMEWORK_SEARCH_PATHS = (
					"$(SDKROOT)/Developer/Library/Frameworks",
					"$(inherited)",
				);
				INFOPLIST_FILE = "mapsgoogle-iosTests/Info.plist";
				LD_RUNPATH_SEARCH_PATHS = "$(inherited) @executable_path/Frameworks @loader_path/Frameworks";
				PRODUCT_NAME = "$(TARGET_NAME)";
				TEST_HOST = "$(BUILT_PRODUCTS_DIR)/mapsgoogle-ios.app/mapsgoogle-ios";
			};
			name = Release;
		};
/* End XCBuildConfiguration section */

/* Begin XCConfigurationList section */
		FF7AFAC91A87DBB000F6067A /* Build configuration list for PBXProject "mapsgoogle-ios" */ = {
			isa = XCConfigurationList;
			buildConfigurations = (
				FF7AFAEF1A87DBB000F6067A /* Debug */,
				FF7AFAF01A87DBB000F6067A /* Release */,
			);
			defaultConfigurationIsVisible = 0;
			defaultConfigurationName = Release;
		};
		FF7AFAF11A87DBB000F6067A /* Build configuration list for PBXNativeTarget "mapsgoogle-ios" */ = {
			isa = XCConfigurationList;
			buildConfigurations = (
				FF7AFAF21A87DBB000F6067A /* Debug */,
				FF7AFAF31A87DBB000F6067A /* Release */,
			);
			defaultConfigurationIsVisible = 0;
		};
		FF7AFAF41A87DBB000F6067A /* Build configuration list for PBXNativeTarget "mapsgoogle-iosTests" */ = {
			isa = XCConfigurationList;
			buildConfigurations = (
				FF7AFAF51A87DBB000F6067A /* Debug */,
				FF7AFAF61A87DBB000F6067A /* Release */,
			);
			defaultConfigurationIsVisible = 0;
		};
/* End XCConfigurationList section */
	};
	rootObject = FF7AFAC61A87DBB000F6067A /* Project object */;
}
